
Microsoft Visual Studio Solution File, Format Version 12.00
# Visual Studio Version 16
VisualStudioVersion = 16.0.33927.289
MinimumVisualStudioVersion = 10.0.40219.1
Project("{FAE04EC0-301F-11D3-BF4B-00C04F79EFBC}") = "Constructors cars", "Constructors cars\Constructors cars.csproj", "{FDE85E9B-B0C3-464E-AA5C-FB86B6ABB914}"
EndProject
Global
	GlobalSection(SolutionConfigurationPlatforms) = preSolution
		Debug|Any CPU = Debug|Any CPU
		Release|Any CPU = Release|Any CPU
	EndGlobalSection
	GlobalSection(ProjectConfigurationPlatforms) = postSolution
		{FDE85E9B-B0C3-464E-AA5C-FB86B6ABB914}.Debug|Any CPU.ActiveCfg = Debug|Any CPU
		{FDE85E9B-B0C3-464E-AA5C-FB86B6ABB914}.Debug|Any CPU.Build.0 = Debug|Any CPU
		{FDE85E9B-B0C3-464E-AA5C-FB86B6ABB914}.Release|Any CPU.ActiveCfg = Release|Any CPU
		{FDE85E9B-B0C3-464E-AA5C-FB86B6ABB914}.Release|Any CPU.Build.0 = Release|Any CPU
	EndGlobalSection
	GlobalSection(SolutionProperties) = preSolution
		HideSolutionNode = FALSE
	EndGlobalSection
	GlobalSection(ExtensibilityGlobals) = postSolution
		SolutionGuid = {5AE28C89-3149-43D8-9580-A9B75F863684}
	EndGlobalSection
EndGlobal
